
Microsoft Visual Studio Solution File, Format Version 12.00
# Visual Studio Version 17
VisualStudioVersion = 17.1.32228.430
MinimumVisualStudioVersion = 10.0.40219.1
Project("{888888A0-9F3D-457C-B088-3A5042F75D52}") = "8_ferzei", "8_ferzei\8_ferzei.pyproj", "{5602BA23-448F-4025-B1E9-3CA8B814F0BF}"
EndProject
Global
	GlobalSection(SolutionConfigurationPlatforms) = preSolution
		Debug|Any CPU = Debug|Any CPU
		Release|Any CPU = Release|Any CPU
	EndGlobalSection
	GlobalSection(ProjectConfigurationPlatforms) = postSolution
		{5602BA23-448F-4025-B1E9-3CA8B814F0BF}.Debug|Any CPU.ActiveCfg = Debug|Any CPU
		{5602BA23-448F-4025-B1E9-3CA8B814F0BF}.Release|Any CPU.ActiveCfg = Release|Any CPU
	EndGlobalSection
	GlobalSection(SolutionProperties) = preSolution
		HideSolutionNode = FALSE
	EndGlobalSection
	GlobalSection(ExtensibilityGlobals) = postSolution
		SolutionGuid = {18720F1D-FB14-4782-BBB3-8DFF939570D2}
	EndGlobalSection
EndGlobal
